
Microsoft Visual Studio Solution File, Format Version 12.00
# Visual Studio Version 16
VisualStudioVersion = 16.0.29215.179
MinimumVisualStudioVersion = 10.0.40219.1
Project("{8BC9CEB8-8B4A-11D0-8D11-00A0C91BC942}") = "gittest", "gittest\gittest.vcxproj", "{11B15738-1250-41F0-9782-CE9ECE09F3EA}"
EndProject
Global
	GlobalSection(SolutionConfigurationPlatforms) = preSolution
		Debug|x64 = Debug|x64
		Debug|x86 = Debug|x86
		Release|x64 = Release|x64
		Release|x86 = Release|x86
	EndGlobalSection
	GlobalSection(ProjectConfigurationPlatforms) = postSolution
		{11B15738-1250-41F0-9782-CE9ECE09F3EA}.Debug|x64.ActiveCfg = Debug|x64
		{11B15738-1250-41F0-9782-CE9ECE09F3EA}.Debug|x64.Build.0 = Debug|x64
		{11B15738-1250-41F0-9782-CE9ECE09F3EA}.Debug|x86.ActiveCfg = Debug|Win32
		{11B15738-1250-41F0-9782-CE9ECE09F3EA}.Debug|x86.Build.0 = Debug|Win32
		{11B15738-1250-41F0-9782-CE9ECE09F3EA}.Release|x64.ActiveCfg = Release|x64
		{11B15738-1250-41F0-9782-CE9ECE09F3EA}.Release|x64.Build.0 = Release|x64
		{11B15738-1250-41F0-9782-CE9ECE09F3EA}.Release|x86.ActiveCfg = Release|Win32
		{11B15738-1250-41F0-9782-CE9ECE09F3EA}.Release|x86.Build.0 = Release|Win32
	EndGlobalSection
	GlobalSection(SolutionProperties) = preSolution
		HideSolutionNode = FALSE
	EndGlobalSection
	GlobalSection(ExtensibilityGlobals) = postSolution
		SolutionGuid = {38B3A2A3-84DC-49FB-8AB6-85DEAC7A6587}
	EndGlobalSection
EndGlobal
